
Microsoft Visual Studio Solution File, Format Version 12.00
# Visual Studio Version 16
VisualStudioVersion = 16.0.30406.217
MinimumVisualStudioVersion = 10.0.40219.1
Project("{FAE04EC0-301F-11D3-BF4B-00C04F79EFBC}") = "MamaSearcher", "MamaSearcher\MamaSearcher.csproj", "{73A23859-074A-48EF-8CB5-CAE07619DA21}"
EndProject
Global
	GlobalSection(SolutionConfigurationPlatforms) = preSolution
		Debug|Any CPU = Debug|Any CPU
		Release|Any CPU = Release|Any CPU
	EndGlobalSection
	GlobalSection(ProjectConfigurationPlatforms) = postSolution
		{73A23859-074A-48EF-8CB5-CAE07619DA21}.Debug|Any CPU.ActiveCfg = Debug|Any CPU
		{73A23859-074A-48EF-8CB5-CAE07619DA21}.Debug|Any CPU.Build.0 = Debug|Any CPU
		{73A23859-074A-48EF-8CB5-CAE07619DA21}.Release|Any CPU.ActiveCfg = Release|Any CPU
		{73A23859-074A-48EF-8CB5-CAE07619DA21}.Release|Any CPU.Build.0 = Release|Any CPU
	EndGlobalSection
	GlobalSection(SolutionProperties) = preSolution
		HideSolutionNode = FALSE
	EndGlobalSection
	GlobalSection(ExtensibilityGlobals) = postSolution
		SolutionGuid = {E40B4CA3-A698-41EC-8113-B5C44604CB81}
	EndGlobalSection
EndGlobal
